Microsoft Visual Studio Solution File, Format Version 12.00
# Visual Studio Version 16
VisualStudioVersion = 16.0.30320.27
MinimumVisualStudioVersion = 10.0.40219.1
Project("{9A19103F-16F7-4668-BE54-9A1E7A4F7556}") = "GameEngine", "GameEngine\GameEngine.csproj", "{4AFC869A-D410-4410-9BF5-7F748F4BA2E6}"
EndProject
Project("{FAE04EC0-301F-11D3-BF4B-00C04F79EFBC}") = "GameEngine.Tests", "XUnitTestProject1\GameEngine.Tests.csproj", "{B66910B9-D182-44F3-8F64-670BF2DDEEED}"
EndProject
Global
	GlobalSection(SolutionConfigurationPlatforms) = preSolution
		Debug|Any CPU = Debug|Any CPU
		Debug|x64 = Debug|x64
		Debug|x86 = Debug|x86
		Release|Any CPU = Release|Any CPU
		Release|x64 = Release|x64
		Release|x86 = Release|x86
	EndGlobalSection
	GlobalSection(ProjectConfigurationPlatforms) = postSolution
		{4AFC869A-D410-4410-9BF5-7F748F4BA2E6}.Debug|Any CPU.ActiveCfg = Debug|Any CPU
		{4AFC869A-D410-4410-9BF5-7F748F4BA2E6}.Debug|Any CPU.Build.0 = Debug|Any CPU
		{4AFC869A-D410-4410-9BF5-7F748F4BA2E6}.Debug|x64.ActiveCfg = Debug|Any CPU
		{4AFC869A-D410-4410-9BF5-7F748F4BA2E6}.Debug|x64.Build.0 = Debug|Any CPU
		{4AFC869A-D410-4410-9BF5-7F748F4BA2E6}.Debug|x86.ActiveCfg = Debug|Any CPU
		{4AFC869A-D410-4410-9BF5-7F748F4BA2E6}.Debug|x86.Build.0 = Debug|Any CPU
		{4AFC869A-D410-4410-9BF5-7F748F4BA2E6}.Release|Any CPU.ActiveCfg = Release|Any CPU
		{4AFC869A-D410-4410-9BF5-7F748F4BA2E6}.Release|Any CPU.Build.0 = Release|Any CPU
		{4AFC869A-D410-4410-9BF5-7F748F4BA2E6}.Release|x64.ActiveCfg = Release|Any CPU
		{4AFC869A-D410-4410-9BF5-7F748F4BA2E6}.Release|x64.Build.0 = Release|Any CPU
		{4AFC869A-D410-4410-9BF5-7F748F4BA2E6}.Release|x86.ActiveCfg = Release|Any CPU
		{4AFC869A-D410-4410-9BF5-7F748F4BA2E6}.Release|x86.Build.0 = Release|Any CPU
		{B66910B9-D182-44F3-8F64-670BF2DDEEED}.Debug|Any CPU.ActiveCfg = Debug|Any CPU
		{B66910B9-D182-44F3-8F64-670BF2DDEEED}.Debug|Any CPU.Build.0 = Debug|Any CPU
		{B66910B9-D182-44F3-8F64-670BF2DDEEED}.Debug|x64.ActiveCfg = Debug|Any CPU
		{B66910B9-D182-44F3-8F64-670BF2DDEEED}.Debug|x64.Build.0 = Debug|Any CPU
		{B66910B9-D182-44F3-8F64-670BF2DDEEED}.Debug|x86.ActiveCfg = Debug|Any CPU
		{B66910B9-D182-44F3-8F64-670BF2DDEEED}.Debug|x86.Build.0 = Debug|Any CPU
		{B66910B9-D182-44F3-8F64-670BF2DDEEED}.Release|Any CPU.ActiveCfg = Release|Any CPU
		{B66910B9-D182-44F3-8F64-670BF2DDEEED}.Release|Any CPU.Build.0 = Release|Any CPU
		{B66910B9-D182-44F3-8F64-670BF2DDEEED}.Release|x64.ActiveCfg = Release|Any CPU
		{B66910B9-D182-44F3-8F64-670BF2DDEEED}.Release|x64.Build.0 = Release|Any CPU
		{B66910B9-D182-44F3-8F64-670BF2DDEEED}.Release|x86.ActiveCfg = Release|Any CPU
		{B66910B9-D182-44F3-8F64-670BF2DDEEED}.Release|x86.Build.0 = Release|Any CPU
	EndGlobalSection
	GlobalSection(SolutionProperties) = preSolution
		HideSolutionNode = FALSE
	EndGlobalSection
	GlobalSection(ExtensibilityGlobals) = postSolution
		SolutionGuid = {68B5DD97-82DD-494A-8441-35B6C4E131C5}
	EndGlobalSection
EndGlobal
